
Microsoft Visual Studio Solution File, Format Version 12.00
# Visual Studio Version 16
VisualStudioVersion = 16.0.34301.259
MinimumVisualStudioVersion = 10.0.40219.1
Project("{FAE04EC0-301F-11D3-BF4B-00C04F79EFBC}") = "NikitaProgramm", "NikitaProgramm.csproj", "{BFCD755F-8DBA-451E-8B9E-8F2247AE49FB}"
EndProject
Global
	GlobalSection(SolutionConfigurationPlatforms) = preSolution
		Debug|Any CPU = Debug|Any CPU
		Release|Any CPU = Release|Any CPU
	EndGlobalSection
	GlobalSection(ProjectConfigurationPlatforms) = postSolution
		{BFCD755F-8DBA-451E-8B9E-8F2247AE49FB}.Debug|Any CPU.ActiveCfg = Debug|Any CPU
		{BFCD755F-8DBA-451E-8B9E-8F2247AE49FB}.Debug|Any CPU.Build.0 = Debug|Any CPU
		{BFCD755F-8DBA-451E-8B9E-8F2247AE49FB}.Release|Any CPU.ActiveCfg = Release|Any CPU
		{BFCD755F-8DBA-451E-8B9E-8F2247AE49FB}.Release|Any CPU.Build.0 = Release|Any CPU
	EndGlobalSection
	GlobalSection(SolutionProperties) = preSolution
		HideSolutionNode = FALSE
	EndGlobalSection
	GlobalSection(ExtensibilityGlobals) = postSolution
		SolutionGuid = {9A5655DB-F03F-4B46-8E7E-F6DC3EF2D690}
	EndGlobalSection
EndGlobal
